
Microsoft Visual Studio Solution File, Format Version 12.00
# Visual Studio Version 16
VisualStudioVersion = 16.0.810.16
MinimumVisualStudioVersion = 10.0.40219.1
Project("{FAE04EC0-301F-11D3-BF4B-00C04F79EFBC}") = "HoustonSubway", "HoustonSubway\HoustonSubway.csproj", "{F682990A-92DC-42CB-B95F-144D375B89CD}"
EndProject
Global
	GlobalSection(SolutionConfigurationPlatforms) = preSolution
		Debug|Any CPU = Debug|Any CPU
		Release|Any CPU = Release|Any CPU
	EndGlobalSection
	GlobalSection(ProjectConfigurationPlatforms) = postSolution
		{F682990A-92DC-42CB-B95F-144D375B89CD}.Debug|Any CPU.ActiveCfg = Debug|Any CPU
		{F682990A-92DC-42CB-B95F-144D375B89CD}.Debug|Any CPU.Build.0 = Debug|Any CPU
		{F682990A-92DC-42CB-B95F-144D375B89CD}.Release|Any CPU.ActiveCfg = Release|Any CPU
		{F682990A-92DC-42CB-B95F-144D375B89CD}.Release|Any CPU.Build.0 = Release|Any CPU
	EndGlobalSection
	GlobalSection(SolutionProperties) = preSolution
		HideSolutionNode = FALSE
	EndGlobalSection
	GlobalSection(ExtensibilityGlobals) = postSolution
		SolutionGuid = {7E0ED13D-9C1E-41CA-89A1-44BF0009F5D3}
	EndGlobalSection
EndGlobal
